
Microsoft Visual Studio Solution File, Format Version 12.00
# Visual Studio Version 17
VisualStudioVersion = 17.4.33205.214
MinimumVisualStudioVersion = 10.0.40219.1
Project("{FAE04EC0-301F-11D3-BF4B-00C04F79EFBC}") = "Учет договоров страхования", "Учет договоров страхования.csproj", "{77A0E0E5-4284-4416-98AF-FCA5465C8C87}"
EndProject
Global
	GlobalSection(SolutionConfigurationPlatforms) = preSolution
		Debug|Any CPU = Debug|Any CPU
		Release|Any CPU = Release|Any CPU
	EndGlobalSection
	GlobalSection(ProjectConfigurationPlatforms) = postSolution
		{77A0E0E5-4284-4416-98AF-FCA5465C8C87}.Debug|Any CPU.ActiveCfg = Debug|Any CPU
		{77A0E0E5-4284-4416-98AF-FCA5465C8C87}.Debug|Any CPU.Build.0 = Debug|Any CPU
		{77A0E0E5-4284-4416-98AF-FCA5465C8C87}.Release|Any CPU.ActiveCfg = Release|Any CPU
		{77A0E0E5-4284-4416-98AF-FCA5465C8C87}.Release|Any CPU.Build.0 = Release|Any CPU
	EndGlobalSection
	GlobalSection(SolutionProperties) = preSolution
		HideSolutionNode = FALSE
	EndGlobalSection
	GlobalSection(ExtensibilityGlobals) = postSolution
		SolutionGuid = {BDFF5525-4D12-4C0A-A8D0-0F02036C9305}
	EndGlobalSection
EndGlobal
